
Microsoft Visual Studio Solution File, Format Version 12.00
# Visual Studio Version 17
VisualStudioVersion = 17.10.35013.160
MinimumVisualStudioVersion = 10.0.40219.1
Project("{FAE04EC0-301F-11D3-BF4B-00C04F79EFBC}") = "EX1", "EX1\EX1.csproj", "{F6C06247-A508-4A1E-B020-A515F193C7A9}"
EndProject
Global
	GlobalSection(SolutionConfigurationPlatforms) = preSolution
		Debug|Any CPU = Debug|Any CPU
		Release|Any CPU = Release|Any CPU
	EndGlobalSection
	GlobalSection(ProjectConfigurationPlatforms) = postSolution
		{F6C06247-A508-4A1E-B020-A515F193C7A9}.Debug|Any CPU.ActiveCfg = Debug|Any CPU
		{F6C06247-A508-4A1E-B020-A515F193C7A9}.Debug|Any CPU.Build.0 = Debug|Any CPU
		{F6C06247-A508-4A1E-B020-A515F193C7A9}.Release|Any CPU.ActiveCfg = Release|Any CPU
		{F6C06247-A508-4A1E-B020-A515F193C7A9}.Release|Any CPU.Build.0 = Release|Any CPU
	EndGlobalSection
	GlobalSection(SolutionProperties) = preSolution
		HideSolutionNode = FALSE
	EndGlobalSection
	GlobalSection(ExtensibilityGlobals) = postSolution
		SolutionGuid = {2672CF83-1125-4974-807B-8ECDFB83505D}
	EndGlobalSection
EndGlobal
